
Microsoft Visual Studio Solution File, Format Version 12.00
# Visual Studio 2012
Project("{E24C65DC-7377-472B-9ABA-BC803B73C61A}") = "WebStore", "http://localhost:50684", "{488338A3-ECBE-479D-B2AB-9536D42286ED}"
	ProjectSection(WebsiteProperties) = preProject
		UseIISExpress = "true"
		TargetFrameworkMoniker = ".NETFramework,Version%3Dv4.5"
		ProjectReferences = "{6a25ab29-9f9a-446d-b19c-2570c84d26af}|Library.dll;"
		Debug.AspNetCompiler.VirtualPath = "/localhost_50684"
		Debug.AspNetCompiler.PhysicalPath = "WebStore\"
		Debug.AspNetCompiler.TargetPath = "PrecompiledWeb\localhost_50684\"
		Debug.AspNetCompiler.Updateable = "true"
		Debug.AspNetCompiler.ForceOverwrite = "true"
		Debug.AspNetCompiler.FixedNames = "false"
		Debug.AspNetCompiler.Debug = "True"
		Release.AspNetCompiler.VirtualPath = "/localhost_50684"
		Release.AspNetCompiler.PhysicalPath = "WebStore\"
		Release.AspNetCompiler.TargetPath = "PrecompiledWeb\localhost_50684\"
		Release.AspNetCompiler.Updateable = "true"
		Release.AspNetCompiler.ForceOverwrite = "true"
		Release.AspNetCompiler.FixedNames = "false"
		Release.AspNetCompiler.Debug = "False"
		SlnRelativePath = "WebStore\"
		DefaultWebSiteLanguage = "Visual C#"
	EndProjectSection
	ProjectSection(ProjectDependencies) = postProject
		{3F282EF2-395B-41DF-BA21-77E7D1F524FD} = {3F282EF2-395B-41DF-BA21-77E7D1F524FD}
	EndProjectSection
EndProject
Project("{FAE04EC0-301F-11D3-BF4B-00C04F79EFBC}") = "Library", "Library\Library.csproj", "{6A25AB29-9F9A-446D-B19C-2570C84D26AF}"
EndProject
Project("{E24C65DC-7377-472B-9ABA-BC803B73C61A}") = "DrivingService", "http://localhost:54773", "{3F282EF2-395B-41DF-BA21-77E7D1F524FD}"
	ProjectSection(WebsiteProperties) = preProject
		UseIISExpress = "true"
		TargetFrameworkMoniker = ".NETFramework,Version%3Dv4.5"
		Debug.AspNetCompiler.VirtualPath = "/localhost_54773"
		Debug.AspNetCompiler.PhysicalPath = "..\..\DrivingService\"
		Debug.AspNetCompiler.TargetPath = "PrecompiledWeb\localhost_54773\"
		Debug.AspNetCompiler.Updateable = "true"
		Debug.AspNetCompiler.ForceOverwrite = "true"
		Debug.AspNetCompiler.FixedNames = "false"
		Debug.AspNetCompiler.Debug = "True"
		Release.AspNetCompiler.VirtualPath = "/localhost_54773"
		Release.AspNetCompiler.PhysicalPath = "..\..\DrivingService\"
		Release.AspNetCompiler.TargetPath = "PrecompiledWeb\localhost_54773\"
		Release.AspNetCompiler.Updateable = "true"
		Release.AspNetCompiler.ForceOverwrite = "true"
		Release.AspNetCompiler.FixedNames = "false"
		Release.AspNetCompiler.Debug = "False"
		SlnRelativePath = "..\..\DrivingService\"
		DefaultWebSiteLanguage = "Visual C#"
	EndProjectSection
EndProject
Global
	GlobalSection(SolutionConfigurationPlatforms) = preSolution
		Debug|Any CPU = Debug|Any CPU
		Release|Any CPU = Release|Any CPU
	EndGlobalSection
	GlobalSection(ProjectConfigurationPlatforms) = postSolution
		{488338A3-ECBE-479D-B2AB-9536D42286ED}.Debug|Any CPU.ActiveCfg = Debug|Any CPU
		{488338A3-ECBE-479D-B2AB-9536D42286ED}.Debug|Any CPU.Build.0 = Debug|Any CPU
		{488338A3-ECBE-479D-B2AB-9536D42286ED}.Release|Any CPU.ActiveCfg = Debug|Any CPU
		{488338A3-ECBE-479D-B2AB-9536D42286ED}.Release|Any CPU.Build.0 = Debug|Any CPU
		{6A25AB29-9F9A-446D-B19C-2570C84D26AF}.Debug|Any CPU.ActiveCfg = Debug|Any CPU
		{6A25AB29-9F9A-446D-B19C-2570C84D26AF}.Debug|Any CPU.Build.0 = Debug|Any CPU
		{6A25AB29-9F9A-446D-B19C-2570C84D26AF}.Release|Any CPU.ActiveCfg = Release|Any CPU
		{6A25AB29-9F9A-446D-B19C-2570C84D26AF}.Release|Any CPU.Build.0 = Release|Any CPU
		{3F282EF2-395B-41DF-BA21-77E7D1F524FD}.Debug|Any CPU.ActiveCfg = Debug|Any CPU
		{3F282EF2-395B-41DF-BA21-77E7D1F524FD}.Debug|Any CPU.Build.0 = Debug|Any CPU
		{3F282EF2-395B-41DF-BA21-77E7D1F524FD}.Release|Any CPU.ActiveCfg = Debug|Any CPU
		{3F282EF2-395B-41DF-BA21-77E7D1F524FD}.Release|Any CPU.Build.0 = Debug|Any CPU
	EndGlobalSection
	GlobalSection(SolutionProperties) = preSolution
		HideSolutionNode = FALSE
	EndGlobalSection
EndGlobal
